{
  "name": "MJPEG-Restream",
  "lockfileVersion": 2,
  "requires": true,
  "packages": {
    "": {
      "dependencies": {
        "mjpeg-consumer": "^2.0.0"
      }
    },
    "node_modules/mjpeg-consumer": {
      "version": "2.0.0",
      "resolved": "https://registry.npmjs.org/mjpeg-consumer/-/mjpeg-consumer-2.0.0.tgz",
      "integrity": "sha512-nyVOIMOQ7JEXwFPUkcbDgekBJGXSK/53nqhPnKZen3a4CAOM4HxqzPZQxDo/8NPhoueuXlvKN3DeDLV2OSi1fw==",
      "engines": {
        "node": ">=8.0.0"
      }
    }
  },
  "dependencies": {
    "mjpeg-consumer": {
      "version": "2.0.0",
      "resolved": "https://registry.npmjs.org/mjpeg-consumer/-/mjpeg-consumer-2.0.0.tgz",
      "integrity": "sha512-nyVOIMOQ7JEXwFPUkcbDgekBJGXSK/53nqhPnKZen3a4CAOM4HxqzPZQxDo/8NPhoueuXlvKN3DeDLV2OSi1fw=="
    }
  }
}
